{
  "name": "@joh1ah/smzzl",
  "version": "0.1.0",
  "lockfileVersion": 3,
  "requires": true,
  "packages": {
    "": {
      "name": "@joh1ah/smzzl",
      "version": "0.1.0",
      "license": "MIT",
      "dependencies": {
        "@vivaxy/png": "^1.3.0"
      }
    },
    "node_modules/@vivaxy/png": {
      "version": "1.3.0",
      "resolved": "https://registry.npmjs.org/@vivaxy/png/-/png-1.3.0.tgz",
      "integrity": "sha512-DkJnWnd451Y6VuuNXVnUD8V7Mg3ZeQ7F77YwH2sB8tyi4KrUEfaDvMyqlCSpSLlTmtsXlT8BOaegjMRg/VTRdQ==",
      "dependencies": {
        "pako": "^1.0.10"
      }
    },
    "node_modules/pako": {
      "version": "1.0.11",
      "resolved": "https://registry.npmjs.org/pako/-/pako-1.0.11.tgz",
      "integrity": "sha512-4hLB8Py4zZce5s4yd9XzopqwVv/yGNhV1Bl8NTmCq1763HeK2+EwVTv+leGeL13Dnh2wfbqowVPXCIO0z4taYw=="
    }
  }
}
